
Microsoft Visual Studio Solution File, Format Version 12.00
# Visual Studio Version 16
VisualStudioVersion = 16.0.30204.135
MinimumVisualStudioVersion = 10.0.40219.1
Project("{FAE04EC0-301F-11D3-BF4B-00C04F79EFBC}") = "ElectronicJournal", "ElectronicJournal\ElectronicJournal.csproj", "{4CD396BB-092E-402D-8856-8EF640569387}"
EndProject
Global
	GlobalSection(SolutionConfigurationPlatforms) = preSolution
		Debug|Any CPU = Debug|Any CPU
		Release|Any CPU = Release|Any CPU
	EndGlobalSection
	GlobalSection(ProjectConfigurationPlatforms) = postSolution
		{4CD396BB-092E-402D-8856-8EF640569387}.Debug|Any CPU.ActiveCfg = Debug|Any CPU
		{4CD396BB-092E-402D-8856-8EF640569387}.Debug|Any CPU.Build.0 = Debug|Any CPU
		{4CD396BB-092E-402D-8856-8EF640569387}.Release|Any CPU.ActiveCfg = Release|Any CPU
		{4CD396BB-092E-402D-8856-8EF640569387}.Release|Any CPU.Build.0 = Release|Any CPU
	EndGlobalSection
	GlobalSection(SolutionProperties) = preSolution
		HideSolutionNode = FALSE
	EndGlobalSection
	GlobalSection(ExtensibilityGlobals) = postSolution
		SolutionGuid = {F3546771-D319-402D-A292-A7C291A36270}
	EndGlobalSection
EndGlobal
